
Microsoft Visual Studio Solution File, Format Version 12.00
# Visual Studio Version 17
VisualStudioVersion = 17.14.37411.7 d17.14
MinimumVisualStudioVersion = 10.0.40219.1
Project("{FAE04EC0-301F-11D3-BF4B-00C04F79EFBC}") = "deviceAgent", "deviceAgent.csproj", "{BFD31A13-B772-4829-8EEA-945126BA550A}"
EndProject
Global
	GlobalSection(SolutionConfigurationPlatforms) = preSolution
		Debug|Any CPU = Debug|Any CPU
		Release|Any CPU = Release|Any CPU
	EndGlobalSection
	GlobalSection(ProjectConfigurationPlatforms) = postSolution
		{BFD31A13-B772-4829-8EEA-945126BA550A}.Debug|Any CPU.ActiveCfg = Debug|Any CPU
		{BFD31A13-B772-4829-8EEA-945126BA550A}.Debug|Any CPU.Build.0 = Debug|Any CPU
		{BFD31A13-B772-4829-8EEA-945126BA550A}.Release|Any CPU.ActiveCfg = Release|Any CPU
		{BFD31A13-B772-4829-8EEA-945126BA550A}.Release|Any CPU.Build.0 = Release|Any CPU
	EndGlobalSection
	GlobalSection(SolutionProperties) = preSolution
		HideSolutionNode = FALSE
	EndGlobalSection
	GlobalSection(ExtensibilityGlobals) = postSolution
		SolutionGuid = {2240A623-3FA7-4359-A5E0-9F1A34DE4E54}
	EndGlobalSection
EndGlobal
